
Microsoft Visual Studio Solution File, Format Version 12.00
# Visual Studio Version 17
VisualStudioVersion = 17.0.31903.59
MinimumVisualStudioVersion = 10.0.40219.1
Project("{2150E333-8FDC-42A3-9474-1A3956D46DE8}") = "src", "src", "{827E0CD3-B72D-47B6-A68D-7590B98EB39B}"
EndProject
Project("{FAE04EC0-301F-11D3-BF4B-00C04F79EFBC}") = "MhsPipeline.Core", "src\MhsPipeline.Core\MhsPipeline.Core.csproj", "{F4BC1510-2B7B-4F79-9235-015FA11FFFF1}"
EndProject
Project("{FAE04EC0-301F-11D3-BF4B-00C04F79EFBC}") = "MhsPipeline.App", "src\MhsPipeline.App\MhsPipeline.App.csproj", "{CA61E8EB-8F41-4A52-911E-09F8E6F9685E}"
EndProject
Project("{FAE04EC0-301F-11D3-BF4B-00C04F79EFBC}") = "MhsPipeline.Tests", "tests\MhsPipeline.Tests\MhsPipeline.Tests.csproj", "{992CE722-0B39-4918-937F-8611B9BAA3F0}"
EndProject
Global
	GlobalSection(SolutionConfigurationPlatforms) = preSolution
		Debug|Any CPU = Debug|Any CPU
		Debug|x64 = Debug|x64
		Debug|x86 = Debug|x86
		Release|Any CPU = Release|Any CPU
		Release|x64 = Release|x64
		Release|x86 = Release|x86
	EndGlobalSection
	GlobalSection(ProjectConfigurationPlatforms) = postSolution
		{F4BC1510-2B7B-4F79-9235-015FA11FFFF1}.Debug|Any CPU.ActiveCfg = Debug|Any CPU
		{F4BC1510-2B7B-4F79-9235-015FA11FFFF1}.Debug|Any CPU.Build.0 = Debug|Any CPU
		{F4BC1510-2B7B-4F79-9235-015FA11FFFF1}.Debug|x64.ActiveCfg = Debug|Any CPU
		{F4BC1510-2B7B-4F79-9235-015FA11FFFF1}.Debug|x64.Build.0 = Debug|Any CPU
		{F4BC1510-2B7B-4F79-9235-015FA11FFFF1}.Debug|x86.ActiveCfg = Debug|Any CPU
		{F4BC1510-2B7B-4F79-9235-015FA11FFFF1}.Debug|x86.Build.0 = Debug|Any CPU
		{F4BC1510-2B7B-4F79-9235-015FA11FFFF1}.Release|Any CPU.ActiveCfg = Release|Any CPU
		{F4BC1510-2B7B-4F79-9235-015FA11FFFF1}.Release|Any CPU.Build.0 = Release|Any CPU
		{F4BC1510-2B7B-4F79-9235-015FA11FFFF1}.Release|x64.ActiveCfg = Release|Any CPU
		{F4BC1510-2B7B-4F79-9235-015FA11FFFF1}.Release|x64.Build.0 = Release|Any CPU
		{F4BC1510-2B7B-4F79-9235-015FA11FFFF1}.Release|x86.ActiveCfg = Release|Any CPU
		{F4BC1510-2B7B-4F79-9235-015FA11FFFF1}.Release|x86.Build.0 = Release|Any CPU
		{CA61E8EB-8F41-4A52-911E-09F8E6F9685E}.Debug|Any CPU.ActiveCfg = Debug|Any CPU
		{CA61E8EB-8F41-4A52-911E-09F8E6F9685E}.Debug|Any CPU.Build.0 = Debug|Any CPU
		{CA61E8EB-8F41-4A52-911E-09F8E6F9685E}.Debug|x64.ActiveCfg = Debug|Any CPU
		{CA61E8EB-8F41-4A52-911E-09F8E6F9685E}.Debug|x64.Build.0 = Debug|Any CPU
		{CA61E8EB-8F41-4A52-911E-09F8E6F9685E}.Debug|x86.ActiveCfg = Debug|Any CPU
		{CA61E8EB-8F41-4A52-911E-09F8E6F9685E}.Debug|x86.Build.0 = Debug|Any CPU
		{CA61E8EB-8F41-4A52-911E-09F8E6F9685E}.Release|Any CPU.ActiveCfg = Release|Any CPU
		{CA61E8EB-8F41-4A52-911E-09F8E6F9685E}.Release|Any CPU.Build.0 = Release|Any CPU
		{CA61E8EB-8F41-4A52-911E-09F8E6F9685E}.Release|x64.ActiveCfg = Release|Any CPU
		{CA61E8EB-8F41-4A52-911E-09F8E6F9685E}.Release|x64.Build.0 = Release|Any CPU
		{CA61E8EB-8F41-4A52-911E-09F8E6F9685E}.Release|x86.ActiveCfg = Release|Any CPU
		{CA61E8EB-8F41-4A52-911E-09F8E6F9685E}.Release|x86.Build.0 = Release|Any CPU
		{992CE722-0B39-4918-937F-8611B9BAA3F0}.Debug|Any CPU.ActiveCfg = Debug|Any CPU
		{992CE722-0B39-4918-937F-8611B9BAA3F0}.Debug|Any CPU.Build.0 = Debug|Any CPU
		{992CE722-0B39-4918-937F-8611B9BAA3F0}.Debug|x64.ActiveCfg = Debug|Any CPU
		{992CE722-0B39-4918-937F-8611B9BAA3F0}.Debug|x64.Build.0 = Debug|Any CPU
		{992CE722-0B39-4918-937F-8611B9BAA3F0}.Debug|x86.ActiveCfg = Debug|Any CPU
		{992CE722-0B39-4918-937F-8611B9BAA3F0}.Debug|x86.Build.0 = Debug|Any CPU
		{992CE722-0B39-4918-937F-8611B9BAA3F0}.Release|Any CPU.ActiveCfg = Release|Any CPU
		{992CE722-0B39-4918-937F-8611B9BAA3F0}.Release|Any CPU.Build.0 = Release|Any CPU
		{992CE722-0B39-4918-937F-8611B9BAA3F0}.Release|x64.ActiveCfg = Release|Any CPU
		{992CE722-0B39-4918-937F-8611B9BAA3F0}.Release|x64.Build.0 = Release|Any CPU
		{992CE722-0B39-4918-937F-8611B9BAA3F0}.Release|x86.ActiveCfg = Release|Any CPU
		{992CE722-0B39-4918-937F-8611B9BAA3F0}.Release|x86.Build.0 = Release|Any CPU
	EndGlobalSection
	GlobalSection(SolutionProperties) = preSolution
		HideSolutionNode = FALSE
	EndGlobalSection
	GlobalSection(NestedProjects) = preSolution
		{F4BC1510-2B7B-4F79-9235-015FA11FFFF1} = {827E0CD3-B72D-47B6-A68D-7590B98EB39B}
		{CA61E8EB-8F41-4A52-911E-09F8E6F9685E} = {827E0CD3-B72D-47B6-A68D-7590B98EB39B}
		{992CE722-0B39-4918-937F-8611B9BAA3F0} = {827E0CD3-B72D-47B6-A68D-7590B98EB39B}
	EndGlobalSection
EndGlobal
